
Microsoft Visual Studio Solution File, Format Version 12.00
# Visual Studio Version 17
VisualStudioVersion = 17.3.32929.385
MinimumVisualStudioVersion = 10.0.40219.1
Project("{FAE04EC0-301F-11D3-BF4B-00C04F79EFBC}") = "FlixOne.Web", "FlixOne.Web\FlixOne.Web.csproj", "{88A0CA17-D899-41C0-B501-B1DCD157668E}"
EndProject
Global
	GlobalSection(SolutionConfigurationPlatforms) = preSolution
		Debug|Any CPU = Debug|Any CPU
		Release|Any CPU = Release|Any CPU
	EndGlobalSection
	GlobalSection(ProjectConfigurationPlatforms) = postSolution
		{88A0CA17-D899-41C0-B501-B1DCD157668E}.Debug|Any CPU.ActiveCfg = Debug|Any CPU
		{88A0CA17-D899-41C0-B501-B1DCD157668E}.Debug|Any CPU.Build.0 = Debug|Any CPU
		{88A0CA17-D899-41C0-B501-B1DCD157668E}.Release|Any CPU.ActiveCfg = Release|Any CPU
		{88A0CA17-D899-41C0-B501-B1DCD157668E}.Release|Any CPU.Build.0 = Release|Any CPU
	EndGlobalSection
	GlobalSection(SolutionProperties) = preSolution
		HideSolutionNode = FALSE
	EndGlobalSection
	GlobalSection(ExtensibilityGlobals) = postSolution
		SolutionGuid = {C42FC5B4-CF74-4367-BFD8-A15BEAFFE644}
	EndGlobalSection
EndGlobal
